
Microsoft Visual Studio Solution File, Format Version 12.00
# Visual Studio 15
VisualStudioVersion = 15.0.27703.2042
MinimumVisualStudioVersion = 10.0.40219.1
Project("{FAE04EC0-301F-11D3-BF4B-00C04F79EFBC}") = "AraBul", "AraBul\AraBul.csproj", "{8DA53D26-6CF9-4A0C-B930-AD808293B399}"
EndProject
Project("{FAE04EC0-301F-11D3-BF4B-00C04F79EFBC}") = "IndexEngine", "IndexEngine\IndexEngine.csproj", "{A805550D-8896-43E7-AEA0-86252FC48B3F}"
EndProject
Project("{2150E333-8FDC-42A3-9474-1A3956D46DE8}") = "Test", "Test", "{9572D965-8691-4326-86BC-C97B3DC75E62}"
EndProject
Global
	GlobalSection(SolutionConfigurationPlatforms) = preSolution
		Debug|Any CPU = Debug|Any CPU
		Release|Any CPU = Release|Any CPU
	EndGlobalSection
	GlobalSection(ProjectConfigurationPlatforms) = postSolution
		{8DA53D26-6CF9-4A0C-B930-AD808293B399}.Debug|Any CPU.ActiveCfg = Debug|Any CPU
		{8DA53D26-6CF9-4A0C-B930-AD808293B399}.Debug|Any CPU.Build.0 = Debug|Any CPU
		{8DA53D26-6CF9-4A0C-B930-AD808293B399}.Release|Any CPU.ActiveCfg = Release|Any CPU
		{8DA53D26-6CF9-4A0C-B930-AD808293B399}.Release|Any CPU.Build.0 = Release|Any CPU
		{A805550D-8896-43E7-AEA0-86252FC48B3F}.Debug|Any CPU.ActiveCfg = Debug|Any CPU
		{A805550D-8896-43E7-AEA0-86252FC48B3F}.Debug|Any CPU.Build.0 = Debug|Any CPU
		{A805550D-8896-43E7-AEA0-86252FC48B3F}.Release|Any CPU.ActiveCfg = Release|Any CPU
		{A805550D-8896-43E7-AEA0-86252FC48B3F}.Release|Any CPU.Build.0 = Release|Any CPU
	EndGlobalSection
	GlobalSection(SolutionProperties) = preSolution
		HideSolutionNode = FALSE
	EndGlobalSection
	GlobalSection(ExtensibilityGlobals) = postSolution
		SolutionGuid = {214BBB43-DC0E-49D2-A4AF-665BAADA821F}
	EndGlobalSection
EndGlobal
